{
  "name": "proc-map-gen",
  "version": "1.0.0",
  "lockfileVersion": 3,
  "requires": true,
  "packages": {
    "": {
      "name": "proc-map-gen",
      "version": "1.0.0",
      "license": "ISC",
      "dependencies": {
        "@footgun/random-gap": "^0.2.0",
        "alea": "^1.0.1",
        "pngjs": "^7.0.0"
      }
    },
    "node_modules/@footgun/random-gap": {
      "version": "0.2.0",
      "resolved": "https://registry.npmjs.org/@footgun/random-gap/-/random-gap-0.2.0.tgz",
      "integrity": "sha512-qjGfcbyzr4muOJEJBt03uhoeEpGl6yPQou9FTGDDfFUEXE+kKPOYhPbLEQc7kN5BudygS06JHwTSf1UUV4l4Iw==",
      "license": "MIT",
      "dependencies": {
        "alea": "^1.0.1",
        "wgpu-matrix": "^3.3.0"
      }
    },
    "node_modules/alea": {
      "version": "1.0.1",
      "resolved": "https://registry.npmjs.org/alea/-/alea-1.0.1.tgz",
      "integrity": "sha512-QU+wv+ziDXaMxRdsQg/aH7sVfWdhKps5YP97IIwFkHCsbDZA3k87JXoZ5/iuemf4ntytzIWeScrRpae8+lDrXA==",
      "license": "MIT"
    },
    "node_modules/pngjs": {
      "version": "7.0.0",
      "resolved": "https://registry.npmjs.org/pngjs/-/pngjs-7.0.0.tgz",
      "integrity": "sha512-LKWqWJRhstyYo9pGvgor/ivk2w94eSjE3RGVuzLGlr3NmD8bf7RcYGze1mNdEHRP6TRP6rMuDHk5t44hnTRyow==",
      "license": "MIT",
      "engines": {
        "node": ">=14.19.0"
      }
    },
    "node_modules/wgpu-matrix": {
      "version": "3.3.0",
      "resolved": "https://registry.npmjs.org/wgpu-matrix/-/wgpu-matrix-3.3.0.tgz",
      "integrity": "sha512-MRdywXdzTwX9pVbO5Z/oRX9l7464Wkfv28glG1c7t7s5v/0Dvts6yV8b4AOTOTl1UDGq9KUEAoSN6KW5P12ruQ==",
      "license": "MIT"
    }
  }
}
